
Microsoft Visual Studio Solution File, Format Version 12.00
# Visual Studio Version 17
VisualStudioVersion = 17.5.002.0
MinimumVisualStudioVersion = 10.0.40219.1
Project("{2150E333-8FDC-42A3-9474-1A3956D46DE8}") = "prepare", "prepare", "{56C6AC3E-F87C-4B07-AFA2-23A2BA32BD05}"
EndProject
Project("{9A19103F-16F7-4668-BE54-9A1E7A4F7556}") = "Learning02", "prepare\Learning02\Learning02.csproj", "{8F30F6DC-783B-4735-B63B-BB275D345AB3}"
EndProject
Project("{9A19103F-16F7-4668-BE54-9A1E7A4F7556}") = "Learning05", "prepare\Learning05\Learning05.csproj", "{6910345C-167E-4815-A2CF-B202FCCF3A14}"
EndProject
Project("{9A19103F-16F7-4668-BE54-9A1E7A4F7556}") = "Learning04", "prepare\Learning04\Learning04.csproj", "{E325A7C3-CA0C-4CCF-B99D-08568EED678D}"
EndProject
Project("{9A19103F-16F7-4668-BE54-9A1E7A4F7556}") = "Learning03", "prepare\Learning03\Learning03.csproj", "{6625F1F1-0B0E-4F1F-B8C1-7891A48BDE86}"
EndProject
Project("{2150E333-8FDC-42A3-9474-1A3956D46DE8}") = "prove", "prove", "{5E7AF65F-4308-44E1-90AD-E2C9C56ADE1C}"
EndProject
Project("{9A19103F-16F7-4668-BE54-9A1E7A4F7556}") = "Develop03", "prove\Develop03\Develop03.csproj", "{FB62FFF8-7AA7-4231-84C5-3E92F8F86E0A}"
EndProject
Project("{9A19103F-16F7-4668-BE54-9A1E7A4F7556}") = "Develop04", "prove\Develop04\Develop04.csproj", "{DF793E55-CDC8-48F1-85DF-82F91F774647}"
EndProject
Project("{9A19103F-16F7-4668-BE54-9A1E7A4F7556}") = "Develop05", "prove\Develop05\Develop05.csproj", "{0537F327-8F7F-490D-8168-7F60B923EB58}"
EndProject
Project("{9A19103F-16F7-4668-BE54-9A1E7A4F7556}") = "Develop02", "prove\Develop02\Develop02.csproj", "{A166F003-A9D9-4D0C-BA47-BA0C42229178}"
EndProject
Project("{2150E333-8FDC-42A3-9474-1A3956D46DE8}") = "sandbox", "sandbox", "{4C32DE92-209F-4D0F-9824-B7133BD6EDAA}"
EndProject
Project("{9A19103F-16F7-4668-BE54-9A1E7A4F7556}") = "Sandbox", "sandbox\Sandbox\Sandbox.csproj", "{A1434ACC-1E90-47DF-BC2D-96DAB6A77156}"
EndProject
Project("{2150E333-8FDC-42A3-9474-1A3956D46DE8}") = "final", "final", "{B58CC2F7-E843-4EDA-A2DC-A9F81BA588A7}"
EndProject
Project("{9A19103F-16F7-4668-BE54-9A1E7A4F7556}") = "FinalProject", "final\FinalProject\FinalProject.csproj", "{F0BF6F77-968B-4F79-AD45-6A03933A9E74}"
EndProject
Project("{9A19103F-16F7-4668-BE54-9A1E7A4F7556}") = "Foundation1", "final\Foundation1\Foundation1.csproj", "{DD016430-AA66-4527-9D2E-E481B6DF4E48}"
EndProject
Project("{9A19103F-16F7-4668-BE54-9A1E7A4F7556}") = "Foundation4", "final\Foundation4\Foundation4.csproj", "{57AC5D95-D31B-477B-B875-F8BDF023B44C}"
EndProject
Project("{9A19103F-16F7-4668-BE54-9A1E7A4F7556}") = "Foundation3", "final\Foundation3\Foundation3.csproj", "{8B8143ED-52EE-490F-AD12-6F22682A3988}"
EndProject
Project("{9A19103F-16F7-4668-BE54-9A1E7A4F7556}") = "Foundation2", "final\Foundation2\Foundation2.csproj", "{775CC36D-45CA-49BF-9EC9-017DD31B4530}"
EndProject
Project("{2150E333-8FDC-42A3-9474-1A3956D46DE8}") = "csharp-prep", "csharp-prep", "{6E6DAFA4-CB17-46BB-AA4C-A171C7DB22FA}"
EndProject
Project("{9A19103F-16F7-4668-BE54-9A1E7A4F7556}") = "Prep1", "csharp-prep\Prep1\Prep1.csproj", "{158EE9C6-BD5E-4829-8880-DF25CEA9E336}"
EndProject
Project("{9A19103F-16F7-4668-BE54-9A1E7A4F7556}") = "Prep5", "csharp-prep\Prep5\Prep5.csproj", "{6CAC6946-7E86-4070-822A-E6059533FEF9}"
EndProject
Project("{9A19103F-16F7-4668-BE54-9A1E7A4F7556}") = "Prep2", "csharp-prep\Prep2\Prep2.csproj", "{BA6396E3-2FA7-403F-8177-2F982E3AD835}"
EndProject
Project("{9A19103F-16F7-4668-BE54-9A1E7A4F7556}") = "Prep3", "csharp-prep\Prep3\Prep3.csproj", "{37BE392C-E324-4498-A338-4D772C241DF7}"
EndProject
Project("{9A19103F-16F7-4668-BE54-9A1E7A4F7556}") = "Prep4", "csharp-prep\Prep4\Prep4.csproj", "{4C1013FD-8A2F-45D2-AC0A-CEEE8E5F1243}"
EndProject
Global
	GlobalSection(SolutionConfigurationPlatforms) = preSolution
		Debug|Any CPU = Debug|Any CPU
		Release|Any CPU = Release|Any CPU
	EndGlobalSection
	GlobalSection(ProjectConfigurationPlatforms) = postSolution
		{8F30F6DC-783B-4735-B63B-BB275D345AB3}.Debug|Any CPU.ActiveCfg = Debug|Any CPU
		{8F30F6DC-783B-4735-B63B-BB275D345AB3}.Debug|Any CPU.Build.0 = Debug|Any CPU
		{8F30F6DC-783B-4735-B63B-BB275D345AB3}.Release|Any CPU.ActiveCfg = Release|Any CPU
		{8F30F6DC-783B-4735-B63B-BB275D345AB3}.Release|Any CPU.Build.0 = Release|Any CPU
		{6910345C-167E-4815-A2CF-B202FCCF3A14}.Debug|Any CPU.ActiveCfg = Debug|Any CPU
		{6910345C-167E-4815-A2CF-B202FCCF3A14}.Debug|Any CPU.Build.0 = Debug|Any CPU
		{6910345C-167E-4815-A2CF-B202FCCF3A14}.Release|Any CPU.ActiveCfg = Release|Any CPU
		{6910345C-167E-4815-A2CF-B202FCCF3A14}.Release|Any CPU.Build.0 = Release|Any CPU
		{E325A7C3-CA0C-4CCF-B99D-08568EED678D}.Debug|Any CPU.ActiveCfg = Debug|Any CPU
		{E325A7C3-CA0C-4CCF-B99D-08568EED678D}.Debug|Any CPU.Build.0 = Debug|Any CPU
		{E325A7C3-CA0C-4CCF-B99D-08568EED678D}.Release|Any CPU.ActiveCfg = Release|Any CPU
		{E325A7C3-CA0C-4CCF-B99D-08568EED678D}.Release|Any CPU.Build.0 = Release|Any CPU
		{6625F1F1-0B0E-4F1F-B8C1-7891A48BDE86}.Debug|Any CPU.ActiveCfg = Debug|Any CPU
		{6625F1F1-0B0E-4F1F-B8C1-7891A48BDE86}.Debug|Any CPU.Build.0 = Debug|Any CPU
		{6625F1F1-0B0E-4F1F-B8C1-7891A48BDE86}.Release|Any CPU.ActiveCfg = Release|Any CPU
		{6625F1F1-0B0E-4F1F-B8C1-7891A48BDE86}.Release|Any CPU.Build.0 = Release|Any CPU
		{FB62FFF8-7AA7-4231-84C5-3E92F8F86E0A}.Debug|Any CPU.ActiveCfg = Debug|Any CPU
		{FB62FFF8-7AA7-4231-84C5-3E92F8F86E0A}.Debug|Any CPU.Build.0 = Debug|Any CPU
		{FB62FFF8-7AA7-4231-84C5-3E92F8F86E0A}.Release|Any CPU.ActiveCfg = Release|Any CPU
		{FB62FFF8-7AA7-4231-84C5-3E92F8F86E0A}.Release|Any CPU.Build.0 = Release|Any CPU
		{DF793E55-CDC8-48F1-85DF-82F91F774647}.Debug|Any CPU.ActiveCfg = Debug|Any CPU
		{DF793E55-CDC8-48F1-85DF-82F91F774647}.Debug|Any CPU.Build.0 = Debug|Any CPU
		{DF793E55-CDC8-48F1-85DF-82F91F774647}.Release|Any CPU.ActiveCfg = Release|Any CPU
		{DF793E55-CDC8-48F1-85DF-82F91F774647}.Release|Any CPU.Build.0 = Release|Any CPU
		{0537F327-8F7F-490D-8168-7F60B923EB58}.Debug|Any CPU.ActiveCfg = Debug|Any CPU
		{0537F327-8F7F-490D-8168-7F60B923EB58}.Debug|Any CPU.Build.0 = Debug|Any CPU
		{0537F327-8F7F-490D-8168-7F60B923EB58}.Release|Any CPU.ActiveCfg = Release|Any CPU
		{0537F327-8F7F-490D-8168-7F60B923EB58}.Release|Any CPU.Build.0 = Release|Any CPU
		{A166F003-A9D9-4D0C-BA47-BA0C42229178}.Debug|Any CPU.ActiveCfg = Debug|Any CPU
		{A166F003-A9D9-4D0C-BA47-BA0C42229178}.Debug|Any CPU.Build.0 = Debug|Any CPU
		{A166F003-A9D9-4D0C-BA47-BA0C42229178}.Release|Any CPU.ActiveCfg = Release|Any CPU
		{A166F003-A9D9-4D0C-BA47-BA0C42229178}.Release|Any CPU.Build.0 = Release|Any CPU
		{A1434ACC-1E90-47DF-BC2D-96DAB6A77156}.Debug|Any CPU.ActiveCfg = Debug|Any CPU
		{A1434ACC-1E90-47DF-BC2D-96DAB6A77156}.Debug|Any CPU.Build.0 = Debug|Any CPU
		{A1434ACC-1E90-47DF-BC2D-96DAB6A77156}.Release|Any CPU.ActiveCfg = Release|Any CPU
		{A1434ACC-1E90-47DF-BC2D-96DAB6A77156}.Release|Any CPU.Build.0 = Release|Any CPU
		{F0BF6F77-968B-4F79-AD45-6A03933A9E74}.Debug|Any CPU.ActiveCfg = Debug|Any CPU
		{F0BF6F77-968B-4F79-AD45-6A03933A9E74}.Debug|Any CPU.Build.0 = Debug|Any CPU
		{F0BF6F77-968B-4F79-AD45-6A03933A9E74}.Release|Any CPU.ActiveCfg = Release|Any CPU
		{F0BF6F77-968B-4F79-AD45-6A03933A9E74}.Release|Any CPU.Build.0 = Release|Any CPU
		{DD016430-AA66-4527-9D2E-E481B6DF4E48}.Debug|Any CPU.ActiveCfg = Debug|Any CPU
		{DD016430-AA66-4527-9D2E-E481B6DF4E48}.Debug|Any CPU.Build.0 = Debug|Any CPU
		{DD016430-AA66-4527-9D2E-E481B6DF4E48}.Release|Any CPU.ActiveCfg = Release|Any CPU
		{DD016430-AA66-4527-9D2E-E481B6DF4E48}.Release|Any CPU.Build.0 = Release|Any CPU
		{57AC5D95-D31B-477B-B875-F8BDF023B44C}.Debug|Any CPU.ActiveCfg = Debug|Any CPU
		{57AC5D95-D31B-477B-B875-F8BDF023B44C}.Debug|Any CPU.Build.0 = Debug|Any CPU
		{57AC5D95-D31B-477B-B875-F8BDF023B44C}.Release|Any CPU.ActiveCfg = Release|Any CPU
		{57AC5D95-D31B-477B-B875-F8BDF023B44C}.Release|Any CPU.Build.0 = Release|Any CPU
		{8B8143ED-52EE-490F-AD12-6F22682A3988}.Debug|Any CPU.ActiveCfg = Debug|Any CPU
		{8B8143ED-52EE-490F-AD12-6F22682A3988}.Debug|Any CPU.Build.0 = Debug|Any CPU
		{8B8143ED-52EE-490F-AD12-6F22682A3988}.Release|Any CPU.ActiveCfg = Release|Any CPU
		{8B8143ED-52EE-490F-AD12-6F22682A3988}.Release|Any CPU.Build.0 = Release|Any CPU
		{775CC36D-45CA-49BF-9EC9-017DD31B4530}.Debug|Any CPU.ActiveCfg = Debug|Any CPU
		{775CC36D-45CA-49BF-9EC9-017DD31B4530}.Debug|Any CPU.Build.0 = Debug|Any CPU
		{775CC36D-45CA-49BF-9EC9-017DD31B4530}.Release|Any CPU.ActiveCfg = Release|Any CPU
		{775CC36D-45CA-49BF-9EC9-017DD31B4530}.Release|Any CPU.Build.0 = Release|Any CPU
		{158EE9C6-BD5E-4829-8880-DF25CEA9E336}.Debug|Any CPU.ActiveCfg = Debug|Any CPU
		{158EE9C6-BD5E-4829-8880-DF25CEA9E336}.Debug|Any CPU.Build.0 = Debug|Any CPU
		{158EE9C6-BD5E-4829-8880-DF25CEA9E336}.Release|Any CPU.ActiveCfg = Release|Any CPU
		{158EE9C6-BD5E-4829-8880-DF25CEA9E336}.Release|Any CPU.Build.0 = Release|Any CPU
		{6CAC6946-7E86-4070-822A-E6059533FEF9}.Debug|Any CPU.ActiveCfg = Debug|Any CPU
		{6CAC6946-7E86-4070-822A-E6059533FEF9}.Debug|Any CPU.Build.0 = Debug|Any CPU
		{6CAC6946-7E86-4070-822A-E6059533FEF9}.Release|Any CPU.ActiveCfg = Release|Any CPU
		{6CAC6946-7E86-4070-822A-E6059533FEF9}.Release|Any CPU.Build.0 = Release|Any CPU
		{BA6396E3-2FA7-403F-8177-2F982E3AD835}.Debug|Any CPU.ActiveCfg = Debug|Any CPU
		{BA6396E3-2FA7-403F-8177-2F982E3AD835}.Debug|Any CPU.Build.0 = Debug|Any CPU
		{BA6396E3-2FA7-403F-8177-2F982E3AD835}.Release|Any CPU.ActiveCfg = Release|Any CPU
		{BA6396E3-2FA7-403F-8177-2F982E3AD835}.Release|Any CPU.Build.0 = Release|Any CPU
		{37BE392C-E324-4498-A338-4D772C241DF7}.Debug|Any CPU.ActiveCfg = Debug|Any CPU
		{37BE392C-E324-4498-A338-4D772C241DF7}.Debug|Any CPU.Build.0 = Debug|Any CPU
		{37BE392C-E324-4498-A338-4D772C241DF7}.Release|Any CPU.ActiveCfg = Release|Any CPU
		{37BE392C-E324-4498-A338-4D772C241DF7}.Release|Any CPU.Build.0 = Release|Any CPU
		{4C1013FD-8A2F-45D2-AC0A-CEEE8E5F1243}.Debug|Any CPU.ActiveCfg = Debug|Any CPU
		{4C1013FD-8A2F-45D2-AC0A-CEEE8E5F1243}.Debug|Any CPU.Build.0 = Debug|Any CPU
		{4C1013FD-8A2F-45D2-AC0A-CEEE8E5F1243}.Release|Any CPU.ActiveCfg = Release|Any CPU
		{4C1013FD-8A2F-45D2-AC0A-CEEE8E5F1243}.Release|Any CPU.Build.0 = Release|Any CPU
	EndGlobalSection
	GlobalSection(SolutionProperties) = preSolution
		HideSolutionNode = FALSE
	EndGlobalSection
	GlobalSection(NestedProjects) = preSolution
		{8F30F6DC-783B-4735-B63B-BB275D345AB3} = {56C6AC3E-F87C-4B07-AFA2-23A2BA32BD05}
		{6910345C-167E-4815-A2CF-B202FCCF3A14} = {56C6AC3E-F87C-4B07-AFA2-23A2BA32BD05}
		{E325A7C3-CA0C-4CCF-B99D-08568EED678D} = {56C6AC3E-F87C-4B07-AFA2-23A2BA32BD05}
		{6625F1F1-0B0E-4F1F-B8C1-7891A48BDE86} = {56C6AC3E-F87C-4B07-AFA2-23A2BA32BD05}
		{FB62FFF8-7AA7-4231-84C5-3E92F8F86E0A} = {5E7AF65F-4308-44E1-90AD-E2C9C56ADE1C}
		{DF793E55-CDC8-48F1-85DF-82F91F774647} = {5E7AF65F-4308-44E1-90AD-E2C9C56ADE1C}
		{0537F327-8F7F-490D-8168-7F60B923EB58} = {5E7AF65F-4308-44E1-90AD-E2C9C56ADE1C}
		{A166F003-A9D9-4D0C-BA47-BA0C42229178} = {5E7AF65F-4308-44E1-90AD-E2C9C56ADE1C}
		{A1434ACC-1E90-47DF-BC2D-96DAB6A77156} = {4C32DE92-209F-4D0F-9824-B7133BD6EDAA}
		{F0BF6F77-968B-4F79-AD45-6A03933A9E74} = {B58CC2F7-E843-4EDA-A2DC-A9F81BA588A7}
		{DD016430-AA66-4527-9D2E-E481B6DF4E48} = {B58CC2F7-E843-4EDA-A2DC-A9F81BA588A7}
		{57AC5D95-D31B-477B-B875-F8BDF023B44C} = {B58CC2F7-E843-4EDA-A2DC-A9F81BA588A7}
		{8B8143ED-52EE-490F-AD12-6F22682A3988} = {B58CC2F7-E843-4EDA-A2DC-A9F81BA588A7}
		{775CC36D-45CA-49BF-9EC9-017DD31B4530} = {B58CC2F7-E843-4EDA-A2DC-A9F81BA588A7}
		{158EE9C6-BD5E-4829-8880-DF25CEA9E336} = {6E6DAFA4-CB17-46BB-AA4C-A171C7DB22FA}
		{6CAC6946-7E86-4070-822A-E6059533FEF9} = {6E6DAFA4-CB17-46BB-AA4C-A171C7DB22FA}
		{BA6396E3-2FA7-403F-8177-2F982E3AD835} = {6E6DAFA4-CB17-46BB-AA4C-A171C7DB22FA}
		{37BE392C-E324-4498-A338-4D772C241DF7} = {6E6DAFA4-CB17-46BB-AA4C-A171C7DB22FA}
		{4C1013FD-8A2F-45D2-AC0A-CEEE8E5F1243} = {6E6DAFA4-CB17-46BB-AA4C-A171C7DB22FA}
	EndGlobalSection
	GlobalSection(ExtensibilityGlobals) = postSolution
		SolutionGuid = {1A37285F-4FAB-4751-9DC4-B96F8239A197}
	EndGlobalSection
EndGlobal
